
Microsoft Visual Studio Solution File, Format Version 12.00
# Visual Studio Version 17
VisualStudioVersion = 17.10.34916.146
MinimumVisualStudioVersion = 10.0.40219.1
Project("{8BC9CEB8-8B4A-11D0-8D11-00A0C91BC942}") = "UAS_Pemdas", "UAS_Pemdas.vcxproj", "{EAF48271-186A-408F-8B06-F35E4E723FF8}"
EndProject
Project("{8BC9CEB8-8B4A-11D0-8D11-00A0C91BC942}") = "UAS2", "..\UAS2\UAS2.vcxproj", "{FBF9FB4F-CFDD-4723-99D7-5A8623BC15F9}"
EndProject
Project("{8BC9CEB8-8B4A-11D0-8D11-00A0C91BC942}") = "UAS3", "..\UAS3\UAS3.vcxproj", "{A84A1B43-4ED5-44F5-BE91-7D0452A5B63A}"
EndProject
Global
	GlobalSection(SolutionConfigurationPlatforms) = preSolution
		Debug|x64 = Debug|x64
		Debug|x86 = Debug|x86
		Release|x64 = Release|x64
		Release|x86 = Release|x86
	EndGlobalSection
	GlobalSection(ProjectConfigurationPlatforms) = postSolution
		{EAF48271-186A-408F-8B06-F35E4E723FF8}.Debug|x64.ActiveCfg = Debug|x64
		{EAF48271-186A-408F-8B06-F35E4E723FF8}.Debug|x64.Build.0 = Debug|x64
		{EAF48271-186A-408F-8B06-F35E4E723FF8}.Debug|x86.ActiveCfg = Debug|Win32
		{EAF48271-186A-408F-8B06-F35E4E723FF8}.Debug|x86.Build.0 = Debug|Win32
		{EAF48271-186A-408F-8B06-F35E4E723FF8}.Release|x64.ActiveCfg = Release|x64
		{EAF48271-186A-408F-8B06-F35E4E723FF8}.Release|x64.Build.0 = Release|x64
		{EAF48271-186A-408F-8B06-F35E4E723FF8}.Release|x86.ActiveCfg = Release|Win32
		{EAF48271-186A-408F-8B06-F35E4E723FF8}.Release|x86.Build.0 = Release|Win32
		{FBF9FB4F-CFDD-4723-99D7-5A8623BC15F9}.Debug|x64.ActiveCfg = Debug|x64
		{FBF9FB4F-CFDD-4723-99D7-5A8623BC15F9}.Debug|x64.Build.0 = Debug|x64
		{FBF9FB4F-CFDD-4723-99D7-5A8623BC15F9}.Debug|x86.ActiveCfg = Debug|Win32
		{FBF9FB4F-CFDD-4723-99D7-5A8623BC15F9}.Debug|x86.Build.0 = Debug|Win32
		{FBF9FB4F-CFDD-4723-99D7-5A8623BC15F9}.Release|x64.ActiveCfg = Release|x64
		{FBF9FB4F-CFDD-4723-99D7-5A8623BC15F9}.Release|x64.Build.0 = Release|x64
		{FBF9FB4F-CFDD-4723-99D7-5A8623BC15F9}.Release|x86.ActiveCfg = Release|Win32
		{FBF9FB4F-CFDD-4723-99D7-5A8623BC15F9}.Release|x86.Build.0 = Release|Win32
		{A84A1B43-4ED5-44F5-BE91-7D0452A5B63A}.Debug|x64.ActiveCfg = Debug|x64
		{A84A1B43-4ED5-44F5-BE91-7D0452A5B63A}.Debug|x64.Build.0 = Debug|x64
		{A84A1B43-4ED5-44F5-BE91-7D0452A5B63A}.Debug|x86.ActiveCfg = Debug|Win32
		{A84A1B43-4ED5-44F5-BE91-7D0452A5B63A}.Debug|x86.Build.0 = Debug|Win32
		{A84A1B43-4ED5-44F5-BE91-7D0452A5B63A}.Release|x64.ActiveCfg = Release|x64
		{A84A1B43-4ED5-44F5-BE91-7D0452A5B63A}.Release|x64.Build.0 = Release|x64
		{A84A1B43-4ED5-44F5-BE91-7D0452A5B63A}.Release|x86.ActiveCfg = Release|Win32
		{A84A1B43-4ED5-44F5-BE91-7D0452A5B63A}.Release|x86.Build.0 = Release|Win32
	EndGlobalSection
	GlobalSection(SolutionProperties) = preSolution
		HideSolutionNode = FALSE
	EndGlobalSection
	GlobalSection(ExtensibilityGlobals) = postSolution
		SolutionGuid = {8A040CD1-1CC6-4864-853D-289D67EA8AA2}
	EndGlobalSection
EndGlobal
